# This file is automatically @generated by Poetry 2.1.1 and should not be changed by hand.

[[package]]
name = "latex-generator-lib"
version = "0.1.2"
description = "Package for generating LaTeX code"
optional = false
python-versions = ">=3.13"
groups = ["main"]
files = [
    {file = "latex_generator_lib-0.1.2-py3-none-any.whl", hash = "sha256:a3b89762d8a6f6bf6ef2659166502492b2ccaef2a229bd90fe10be7232543a1b"},
    {file = "latex_generator_lib-0.1.2.tar.gz", hash = "sha256:37a7a850a964b783e7600b54ae94f9025a659358557123e3498d19a897143ba2"},
]

[metadata]
lock-version = "2.1"
python-versions = ">=3.13"
content-hash = "0a3c3ecf8b8788cf3e5de6d4bd7292a825cb9de2eed10d8cd97486cfa50fa979"
